// !$*UTF8*$!
{
	archiveVersion = 1;
	classes = {
	};
	objectVersion = 56;
	objects = {

/* Begin PBXBuildFile section */
		5C1D83DE29C2AA3500344DCD /* RMCharacterListViewViewModel.swift in Sources */ = {isa = PBXBuildFile; fileRef = 5C1D83DD29C2AA3500344DCD /* RMCharacterListViewViewModel.swift */; };
		5C1D83E029C2AB0600344DCD /* RMCharacterListView.swift in Sources */ = {isa = PBXBuildFile; fileRef = 5C1D83DF29C2AB0600344DCD /* RMCharacterListView.swift */; };
		5C1D83E229C2B0BE00344DCD /* Extensions.swift in Sources */ = {isa = PBXBuildFile; fileRef = 5C1D83E129C2B0BE00344DCD /* Extensions.swift */; };
		5C35531829BEF0800041EBA2 /* RMGetCharactersResponse.swift in Sources */ = {isa = PBXBuildFile; fileRef = 5C35531729BEF0800041EBA2 /* RMGetCharactersResponse.swift */; };
		5C52C65E29CFEBE9008DF239 /* RMCharacterDetailViewController.swift in Sources */ = {isa = PBXBuildFile; fileRef = 5C52C65D29CFEBE9008DF239 /* RMCharacterDetailViewController.swift */; };
		5C52C66029CFED1A008DF239 /* RMCharacterDetailView.swift in Sources */ = {isa = PBXBuildFile; fileRef = 5C52C65F29CFED1A008DF239 /* RMCharacterDetailView.swift */; };
		5C52C66229CFED86008DF239 /* RMCharacterDetailViewViewModel.swift in Sources */ = {isa = PBXBuildFile; fileRef = 5C52C66129CFED86008DF239 /* RMCharacterDetailViewViewModel.swift */; };
		5C52C66429CFFCAD008DF239 /* RMFooterLoadingCollectionReusableView.swift in Sources */ = {isa = PBXBuildFile; fileRef = 5C52C66329CFFCAD008DF239 /* RMFooterLoadingCollectionReusableView.swift */; };
		5C5BC7CC29CC0B290061BADF /* RMCharacterCollectionViewCell.swift in Sources */ = {isa = PBXBuildFile; fileRef = 5C5BC7CB29CC0B290061BADF /* RMCharacterCollectionViewCell.swift */; };
		5C5BC7CE29CC0DB50061BADF /* RMCharacterCollectionViewCellViewModel.swift in Sources */ = {isa = PBXBuildFile; fileRef = 5C5BC7CD29CC0DB50061BADF /* RMCharacterCollectionViewCellViewModel.swift */; };
		5C8E8B5129A9ADD200D1F47C /* AppDelegate.swift in Sources */ = {isa = PBXBuildFile; fileRef = 5C8E8B5029A9ADD200D1F47C /* AppDelegate.swift */; };
		5C8E8B5329A9ADD200D1F47C /* SceneDelegate.swift in Sources */ = {isa = PBXBuildFile; fileRef = 5C8E8B5229A9ADD200D1F47C /* SceneDelegate.swift */; };
		5C8E8B5529A9ADD200D1F47C /* RMTabViewController.swift in Sources */ = {isa = PBXBuildFile; fileRef = 5C8E8B5429A9ADD200D1F47C /* RMTabViewController.swift */; };
		5C8E8B5A29A9ADD300D1F47C /* Assets.xcassets in Resources */ = {isa = PBXBuildFile; fileRef = 5C8E8B5929A9ADD300D1F47C /* Assets.xcassets */; };
		5C8E8B5D29A9ADD300D1F47C /* LaunchScreen.storyboard in Resources */ = {isa = PBXBuildFile; fileRef = 5C8E8B5B29A9ADD300D1F47C /* LaunchScreen.storyboard */; };
		5C8E8B6C29A9B90B00D1F47C /* RMLocation.swift in Sources */ = {isa = PBXBuildFile; fileRef = 5C8E8B6B29A9B90B00D1F47C /* RMLocation.swift */; };
		5C8E8B6E29A9B92C00D1F47C /* RMCharacter.swift in Sources */ = {isa = PBXBuildFile; fileRef = 5C8E8B6D29A9B92C00D1F47C /* RMCharacter.swift */; };
		5C8E8B7029A9B99C00D1F47C /* RMEpisode.swift in Sources */ = {isa = PBXBuildFile; fileRef = 5C8E8B6F29A9B99C00D1F47C /* RMEpisode.swift */; };
		5C8E8B7329A9BAD600D1F47C /* RMCharacterViewController.swift in Sources */ = {isa = PBXBuildFile; fileRef = 5C8E8B7229A9BAD600D1F47C /* RMCharacterViewController.swift */; };
		5C8E8B7529A9BB0800D1F47C /* RMLocationViewController.swift in Sources */ = {isa = PBXBuildFile; fileRef = 5C8E8B7429A9BB0800D1F47C /* RMLocationViewController.swift */; };
		5C8E8B7729A9BB2200D1F47C /* RMEpisodeViewController.swift in Sources */ = {isa = PBXBuildFile; fileRef = 5C8E8B7629A9BB2200D1F47C /* RMEpisodeViewController.swift */; };
		5C8E8B7929A9BB5B00D1F47C /* RMSettingsViewController.swift in Sources */ = {isa = PBXBuildFile; fileRef = 5C8E8B7829A9BB5B00D1F47C /* RMSettingsViewController.swift */; };
		5C91E49F29B2DDAF006A911F /* RMService.swift in Sources */ = {isa = PBXBuildFile; fileRef = 5C91E49E29B2DDAF006A911F /* RMService.swift */; };
		5C91E4A129B2DDD3006A911F /* RMRequest.swift in Sources */ = {isa = PBXBuildFile; fileRef = 5C91E4A029B2DDD3006A911F /* RMRequest.swift */; };
		5C91E4A329B2DED8006A911F /* RMEndpoint.swift in Sources */ = {isa = PBXBuildFile; fileRef = 5C91E4A229B2DED8006A911F /* RMEndpoint.swift */; };
		5CCBADF029F50A5D00F1678A /* RMImageLoader.swift in Sources */ = {isa = PBXBuildFile; fileRef = 5CCBADEF29F50A5D00F1678A /* RMImageLoader.swift */; };
		5CFD257B29B30BF300EC16EA /* RMOrigin.swift in Sources */ = {isa = PBXBuildFile; fileRef = 5CFD257A29B30BF300EC16EA /* RMOrigin.swift */; };
		5CFD257D29B30C8800EC16EA /* RMSingleLocation.swift in Sources */ = {isa = PBXBuildFile; fileRef = 5CFD257C29B30C8800EC16EA /* RMSingleLocation.swift */; };
		5CFD257F29B30DCD00EC16EA /* RMCharacterStatus.swift in Sources */ = {isa = PBXBuildFile; fileRef = 5CFD257E29B30DCD00EC16EA /* RMCharacterStatus.swift */; };
		5CFD258129B30E3700EC16EA /* RMCharacterGender.swift in Sources */ = {isa = PBXBuildFile; fileRef = 5CFD258029B30E3700EC16EA /* RMCharacterGender.swift */; };
/* End PBXBuildFile section */

/* Begin PBXFileReference section */
		5C1D83DD29C2AA3500344DCD /* RMCharacterListViewViewModel.swift */ = {isa = PBXFileReference; lastKnownFileType = sourcecode.swift; path = RMCharacterListViewViewModel.swift; sourceTree = "<group>"; };
		5C1D83DF29C2AB0600344DCD /* RMCharacterListView.swift */ = {isa = PBXFileReference; lastKnownFileType = sourcecode.swift; path = RMCharacterListView.swift; sourceTree = "<group>"; };
		5C1D83E129C2B0BE00344DCD /* Extensions.swift */ = {isa = PBXFileReference; lastKnownFileType = sourcecode.swift; path = Extensions.swift; sourceTree = "<group>"; };
		5C35531729BEF0800041EBA2 /* RMGetCharactersResponse.swift */ = {isa = PBXFileReference; lastKnownFileType = sourcecode.swift; path = RMGetCharactersResponse.swift; sourceTree = "<group>"; };
		5C52C65D29CFEBE9008DF239 /* RMCharacterDetailViewController.swift */ = {isa = PBXFileReference; lastKnownFileType = sourcecode.swift; path = RMCharacterDetailViewController.swift; sourceTree = "<group>"; };
		5C52C65F29CFED1A008DF239 /* RMCharacterDetailView.swift */ = {isa = PBXFileReference; lastKnownFileType = sourcecode.swift; path = RMCharacterDetailView.swift; sourceTree = "<group>"; };
		5C52C66129CFED86008DF239 /* RMCharacterDetailViewViewModel.swift */ = {isa = PBXFileReference; lastKnownFileType = sourcecode.swift; path = RMCharacterDetailViewViewModel.swift; sourceTree = "<group>"; };
		5C52C66329CFFCAD008DF239 /* RMFooterLoadingCollectionReusableView.swift */ = {isa = PBXFileReference; lastKnownFileType = sourcecode.swift; path = RMFooterLoadingCollectionReusableView.swift; sourceTree = "<group>"; };
		5C5BC7CB29CC0B290061BADF /* RMCharacterCollectionViewCell.swift */ = {isa = PBXFileReference; lastKnownFileType = sourcecode.swift; path = RMCharacterCollectionViewCell.swift; sourceTree = "<group>"; };
		5C5BC7CD29CC0DB50061BADF /* RMCharacterCollectionViewCellViewModel.swift */ = {isa = PBXFileReference; lastKnownFileType = sourcecode.swift; path = RMCharacterCollectionViewCellViewModel.swift; sourceTree = "<group>"; };
		5C8E8B4D29A9ADD200D1F47C /* RickAndMorty.app */ = {isa = PBXFileReference; explicitFileType = wrapper.application; includeInIndex = 0; path = RickAndMorty.app; sourceTree = BUILT_PRODUCTS_DIR; };
		5C8E8B5029A9ADD200D1F47C /* AppDelegate.swift */ = {isa = PBXFileReference; lastKnownFileType = sourcecode.swift; path = AppDelegate.swift; sourceTree = "<group>"; };
		5C8E8B5229A9ADD200D1F47C /* SceneDelegate.swift */ = {isa = PBXFileReference; lastKnownFileType = sourcecode.swift; path = SceneDelegate.swift; sourceTree = "<group>"; };
		5C8E8B5429A9ADD200D1F47C /* RMTabViewController.swift */ = {isa = PBXFileReference; lastKnownFileType = sourcecode.swift; path = RMTabViewController.swift; sourceTree = "<group>"; };
		5C8E8B5929A9ADD300D1F47C /* Assets.xcassets */ = {isa = PBXFileReference; lastKnownFileType = folder.assetcatalog; path = Assets.xcassets; sourceTree = "<group>"; };
		5C8E8B5C29A9ADD300D1F47C /* Base */ = {isa = PBXFileReference; lastKnownFileType = file.storyboard; name = Base; path = Base.lproj/LaunchScreen.storyboard; sourceTree = "<group>"; };
		5C8E8B5E29A9ADD300D1F47C /* Info.plist */ = {isa = PBXFileReference; lastKnownFileType = text.plist.xml; path = Info.plist; sourceTree = "<group>"; };
		5C8E8B6B29A9B90B00D1F47C /* RMLocation.swift */ = {isa = PBXFileReference; lastKnownFileType = sourcecode.swift; path = RMLocation.swift; sourceTree = "<group>"; };
		5C8E8B6D29A9B92C00D1F47C /* RMCharacter.swift */ = {isa = PBXFileReference; lastKnownFileType = sourcecode.swift; path = RMCharacter.swift; sourceTree = "<group>"; };
		5C8E8B6F29A9B99C00D1F47C /* RMEpisode.swift */ = {isa = PBXFileReference; lastKnownFileType = sourcecode.swift; path = RMEpisode.swift; sourceTree = "<group>"; };
		5C8E8B7229A9BAD600D1F47C /* RMCharacterViewController.swift */ = {isa = PBXFileReference; lastKnownFileType = sourcecode.swift; path = RMCharacterViewController.swift; sourceTree = "<group>"; };
		5C8E8B7429A9BB0800D1F47C /* RMLocationViewController.swift */ = {isa = PBXFileReference; lastKnownFileType = sourcecode.swift; path = RMLocationViewController.swift; sourceTree = "<group>"; };
		5C8E8B7629A9BB2200D1F47C /* RMEpisodeViewController.swift */ = {isa = PBXFileReference; lastKnownFileType = sourcecode.swift; path = RMEpisodeViewController.swift; sourceTree = "<group>"; };
		5C8E8B7829A9BB5B00D1F47C /* RMSettingsViewController.swift */ = {isa = PBXFileReference; lastKnownFileType = sourcecode.swift; path = RMSettingsViewController.swift; sourceTree = "<group>"; };
		5C91E49E29B2DDAF006A911F /* RMService.swift */ = {isa = PBXFileReference; lastKnownFileType = sourcecode.swift; path = RMService.swift; sourceTree = "<group>"; };
		5C91E4A029B2DDD3006A911F /* RMRequest.swift */ = {isa = PBXFileReference; lastKnownFileType = sourcecode.swift; path = RMRequest.swift; sourceTree = "<group>"; };
		5C91E4A229B2DED8006A911F /* RMEndpoint.swift */ = {isa = PBXFileReference; lastKnownFileType = sourcecode.swift; path = RMEndpoint.swift; sourceTree = "<group>"; };
		5CCBADEF29F50A5D00F1678A /* RMImageLoader.swift */ = {isa = PBXFileReference; lastKnownFileType = sourcecode.swift; path = RMImageLoader.swift; sourceTree = "<group>"; };
		5CFD257A29B30BF300EC16EA /* RMOrigin.swift */ = {isa = PBXFileReference; lastKnownFileType = sourcecode.swift; path = RMOrigin.swift; sourceTree = "<group>"; };
		5CFD257C29B30C8800EC16EA /* RMSingleLocation.swift */ = {isa = PBXFileReference; lastKnownFileType = sourcecode.swift; path = RMSingleLocation.swift; sourceTree = "<group>"; };
		5CFD257E29B30DCD00EC16EA /* RMCharacterStatus.swift */ = {isa = PBXFileReference; lastKnownFileType = sourcecode.swift; path = RMCharacterStatus.swift; sourceTree = "<group>"; };
		5CFD258029B30E3700EC16EA /* RMCharacterGender.swift */ = {isa = PBXFileReference; lastKnownFileType = sourcecode.swift; path = RMCharacterGender.swift; sourceTree = "<group>"; };
/* End PBXFileReference section */

/* Begin PBXFrameworksBuildPhase section */
		5C8E8B4A29A9ADD200D1F47C /* Frameworks */ = {
			isa = PBXFrameworksBuildPhase;
			buildActionMask = 2147483647;
			files = (
			);
			runOnlyForDeploymentPostprocessing = 0;
		};
/* End PBXFrameworksBuildPhase section */

/* Begin PBXGroup section */
		5C35531529BEF02D0041EBA2 /* DataTypes */ = {
			isa = PBXGroup;
			children = (
				5C8E8B6B29A9B90B00D1F47C /* RMLocation.swift */,
				5C8E8B6D29A9B92C00D1F47C /* RMCharacter.swift */,
				5C8E8B6F29A9B99C00D1F47C /* RMEpisode.swift */,
				5CFD257A29B30BF300EC16EA /* RMOrigin.swift */,
				5CFD257C29B30C8800EC16EA /* RMSingleLocation.swift */,
				5CFD257E29B30DCD00EC16EA /* RMCharacterStatus.swift */,
				5CFD258029B30E3700EC16EA /* RMCharacterGender.swift */,
			);
			path = DataTypes;
			sourceTree = "<group>";
		};
		5C35531629BEF0450041EBA2 /* APIResponseTypes */ = {
			isa = PBXGroup;
			children = (
				5C35531729BEF0800041EBA2 /* RMGetCharactersResponse.swift */,
			);
			path = APIResponseTypes;
			sourceTree = "<group>";
		};
		5C52C65C29CFEBB1008DF239 /* Other */ = {
			isa = PBXGroup;
			children = (
				5C52C65D29CFEBE9008DF239 /* RMCharacterDetailViewController.swift */,
			);
			path = Other;
			sourceTree = "<group>";
		};
		5C8E8B4429A9ADD200D1F47C = {
			isa = PBXGroup;
			children = (
				5C8E8B4F29A9ADD200D1F47C /* RickAndMorty */,
				5C8E8B4E29A9ADD200D1F47C /* Products */,
			);
			sourceTree = "<group>";
		};
		5C8E8B4E29A9ADD200D1F47C /* Products */ = {
			isa = PBXGroup;
			children = (
				5C8E8B4D29A9ADD200D1F47C /* RickAndMorty.app */,
			);
			name = Products;
			sourceTree = "<group>";
		};
		5C8E8B4F29A9ADD200D1F47C /* RickAndMorty */ = {
			isa = PBXGroup;
			children = (
				5C8E8B6A29A9B4A400D1F47C /* Resources */,
				5C8E8B6929A9B47D00D1F47C /* APIClient */,
				5C8E8B6829A9B46900D1F47C /* Managers */,
				5C8E8B6429A9B3EA00D1F47C /* ViewModels */,
				5C8E8B6529A9B3F500D1F47C /* Views */,
				5C8E8B6629A9B40600D1F47C /* Models */,
				5C8E8B6729A9B41000D1F47C /* Controllers */,
				5C8E8B5E29A9ADD300D1F47C /* Info.plist */,
			);
			path = RickAndMorty;
			sourceTree = "<group>";
		};
		5C8E8B6429A9B3EA00D1F47C /* ViewModels */ = {
			isa = PBXGroup;
			children = (
				5C1D83DD29C2AA3500344DCD /* RMCharacterListViewViewModel.swift */,
				5C5BC7CD29CC0DB50061BADF /* RMCharacterCollectionViewCellViewModel.swift */,
				5C52C66129CFED86008DF239 /* RMCharacterDetailViewViewModel.swift */,
			);
			path = ViewModels;
			sourceTree = "<group>";
		};
		5C8E8B6529A9B3F500D1F47C /* Views */ = {
			isa = PBXGroup;
			children = (
				5C1D83DF29C2AB0600344DCD /* RMCharacterListView.swift */,
				5C5BC7CB29CC0B290061BADF /* RMCharacterCollectionViewCell.swift */,
				5C52C65F29CFED1A008DF239 /* RMCharacterDetailView.swift */,
				5C52C66329CFFCAD008DF239 /* RMFooterLoadingCollectionReusableView.swift */,
			);
			path = Views;
			sourceTree = "<group>";
		};
		5C8E8B6629A9B40600D1F47C /* Models */ = {
			isa = PBXGroup;
			children = (
				5C35531629BEF0450041EBA2 /* APIResponseTypes */,
				5C35531529BEF02D0041EBA2 /* DataTypes */,
			);
			path = Models;
			sourceTree = "<group>";
		};
		5C8E8B6729A9B41000D1F47C /* Controllers */ = {
			isa = PBXGroup;
			children = (
				5C52C65C29CFEBB1008DF239 /* Other */,
				5C8E8B7129A9BA9700D1F47C /* Core */,
			);
			path = Controllers;
			sourceTree = "<group>";
		};
		5C8E8B6829A9B46900D1F47C /* Managers */ = {
			isa = PBXGroup;
			children = (
				5CCBADEF29F50A5D00F1678A /* RMImageLoader.swift */,
			);
			path = Managers;
			sourceTree = "<group>";
		};
		5C8E8B6929A9B47D00D1F47C /* APIClient */ = {
			isa = PBXGroup;
			children = (
				5C91E49E29B2DDAF006A911F /* RMService.swift */,
				5C91E4A029B2DDD3006A911F /* RMRequest.swift */,
				5C91E4A229B2DED8006A911F /* RMEndpoint.swift */,
			);
			path = APIClient;
			sourceTree = "<group>";
		};
		5C8E8B6A29A9B4A400D1F47C /* Resources */ = {
			isa = PBXGroup;
			children = (
				5C8E8B5929A9ADD300D1F47C /* Assets.xcassets */,
				5C8E8B5B29A9ADD300D1F47C /* LaunchScreen.storyboard */,
				5C8E8B5029A9ADD200D1F47C /* AppDelegate.swift */,
				5C8E8B5229A9ADD200D1F47C /* SceneDelegate.swift */,
				5C1D83E129C2B0BE00344DCD /* Extensions.swift */,
			);
			path = Resources;
			sourceTree = "<group>";
		};
		5C8E8B7129A9BA9700D1F47C /* Core */ = {
			isa = PBXGroup;
			children = (
				5C8E8B5429A9ADD200D1F47C /* RMTabViewController.swift */,
				5C8E8B7229A9BAD600D1F47C /* RMCharacterViewController.swift */,
				5C8E8B7429A9BB0800D1F47C /* RMLocationViewController.swift */,
				5C8E8B7629A9BB2200D1F47C /* RMEpisodeViewController.swift */,
				5C8E8B7829A9BB5B00D1F47C /* RMSettingsViewController.swift */,
			);
			path = Core;
			sourceTree = "<group>";
		};
/* End PBXGroup section */

/* Begin PBXNativeTarget section */
		5C8E8B4C29A9ADD200D1F47C /* RickAndMorty */ = {
			isa = PBXNativeTarget;
			buildConfigurationList = 5C8E8B6129A9ADD300D1F47C /* Build configuration list for PBXNativeTarget "RickAndMorty" */;
			buildPhases = (
				5C8E8B4929A9ADD200D1F47C /* Sources */,
				5C8E8B4A29A9ADD200D1F47C /* Frameworks */,
				5C8E8B4B29A9ADD200D1F47C /* Resources */,
			);
			buildRules = (
			);
			dependencies = (
			);
			name = RickAndMorty;
			productName = RickAndMorty;
			productReference = 5C8E8B4D29A9ADD200D1F47C /* RickAndMorty.app */;
			productType = "com.apple.product-type.application";
		};
/* End PBXNativeTarget section */

/* Begin PBXProject section */
		5C8E8B4529A9ADD200D1F47C /* Project object */ = {
			isa = PBXProject;
			attributes = {
				BuildIndependentTargetsInParallel = 1;
				LastSwiftUpdateCheck = 1420;
				LastUpgradeCheck = 1420;
				TargetAttributes = {
					5C8E8B4C29A9ADD200D1F47C = {
						CreatedOnToolsVersion = 14.2;
					};
				};
			};
			buildConfigurationList = 5C8E8B4829A9ADD200D1F47C /* Build configuration list for PBXProject "RickAndMorty" */;
			compatibilityVersion = "Xcode 14.0";
			developmentRegion = en;
			hasScannedForEncodings = 0;
			knownRegions = (
				en,
				Base,
			);
			mainGroup = 5C8E8B4429A9ADD200D1F47C;
			productRefGroup = 5C8E8B4E29A9ADD200D1F47C /* Products */;
			projectDirPath = "";
			projectRoot = "";
			targets = (
				5C8E8B4C29A9ADD200D1F47C /* RickAndMorty */,
			);
		};
/* End PBXProject section */

/* Begin PBXResourcesBuildPhase section */
		5C8E8B4B29A9ADD200D1F47C /* Resources */ = {
			isa = PBXResourcesBuildPhase;
			buildActionMask = 2147483647;
			files = (
				5C8E8B5D29A9ADD300D1F47C /* LaunchScreen.storyboard in Resources */,
				5C8E8B5A29A9ADD300D1F47C /* Assets.xcassets in Resources */,
			);
			runOnlyForDeploymentPostprocessing = 0;
		};
/* End PBXResourcesBuildPhase section */

/* Begin PBXSourcesBuildPhase section */
		5C8E8B4929A9ADD200D1F47C /* Sources */ = {
			isa = PBXSourcesBuildPhase;
			buildActionMask = 2147483647;
			files = (
				5C35531829BEF0800041EBA2 /* RMGetCharactersResponse.swift in Sources */,
				5C52C66229CFED86008DF239 /* RMCharacterDetailViewViewModel.swift in Sources */,
				5CFD257B29B30BF300EC16EA /* RMOrigin.swift in Sources */,
				5C1D83E029C2AB0600344DCD /* RMCharacterListView.swift in Sources */,
				5CFD257D29B30C8800EC16EA /* RMSingleLocation.swift in Sources */,
				5CFD257F29B30DCD00EC16EA /* RMCharacterStatus.swift in Sources */,
				5CFD258129B30E3700EC16EA /* RMCharacterGender.swift in Sources */,
				5C52C65E29CFEBE9008DF239 /* RMCharacterDetailViewController.swift in Sources */,
				5C52C66429CFFCAD008DF239 /* RMFooterLoadingCollectionReusableView.swift in Sources */,
				5C8E8B7529A9BB0800D1F47C /* RMLocationViewController.swift in Sources */,
				5C8E8B7029A9B99C00D1F47C /* RMEpisode.swift in Sources */,
				5C8E8B5529A9ADD200D1F47C /* RMTabViewController.swift in Sources */,
				5C5BC7CC29CC0B290061BADF /* RMCharacterCollectionViewCell.swift in Sources */,
				5C8E8B7729A9BB2200D1F47C /* RMEpisodeViewController.swift in Sources */,
				5CCBADF029F50A5D00F1678A /* RMImageLoader.swift in Sources */,
				5C8E8B5129A9ADD200D1F47C /* AppDelegate.swift in Sources */,
				5C8E8B5329A9ADD200D1F47C /* SceneDelegate.swift in Sources */,
				5C8E8B7929A9BB5B00D1F47C /* RMSettingsViewController.swift in Sources */,
				5C1D83E229C2B0BE00344DCD /* Extensions.swift in Sources */,
				5C91E49F29B2DDAF006A911F /* RMService.swift in Sources */,
				5C8E8B6C29A9B90B00D1F47C /* RMLocation.swift in Sources */,
				5C91E4A329B2DED8006A911F /* RMEndpoint.swift in Sources */,
				5C8E8B6E29A9B92C00D1F47C /* RMCharacter.swift in Sources */,
				5C5BC7CE29CC0DB50061BADF /* RMCharacterCollectionViewCellViewModel.swift in Sources */,
				5C91E4A129B2DDD3006A911F /* RMRequest.swift in Sources */,
				5C1D83DE29C2AA3500344DCD /* RMCharacterListViewViewModel.swift in Sources */,
				5C8E8B7329A9BAD600D1F47C /* RMCharacterViewController.swift in Sources */,
				5C52C66029CFED1A008DF239 /* RMCharacterDetailView.swift in Sources */,
			);
			runOnlyForDeploymentPostprocessing = 0;
		};
/* End PBXSourcesBuildPhase section */

/* Begin PBXVariantGroup section */
		5C8E8B5B29A9ADD300D1F47C /* LaunchScreen.storyboard */ = {
			isa = PBXVariantGroup;
			children = (
				5C8E8B5C29A9ADD300D1F47C /* Base */,
			);
			name = LaunchScreen.storyboard;
			sourceTree = "<group>";
		};
/* End PBXVariantGroup section */

/* Begin XCBuildConfiguration section */
		5C8E8B5F29A9ADD300D1F47C /* Debug */ = {
			isa = XCBuildConfiguration;
			buildSettings = {
				ALWAYS_SEARCH_USER_PATHS = NO;
				CLANG_ANALYZER_NONNULL = YES;
				CLANG_ANALYZER_NUMBER_OBJECT_CONVERSION = YES_AGGRESSIVE;
				CLANG_CXX_LANGUAGE_STANDARD = "gnu++20";
				CLANG_ENABLE_MODULES = YES;
				CLANG_ENABLE_OBJC_ARC = YES;
				CLANG_ENABLE_OBJC_WEAK = YES;
				CLANG_WARN_BLOCK_CAPTURE_AUTORELEASING = YES;
				CLANG_WARN_BOOL_CONVERSION = YES;
				CLANG_WARN_COMMA = YES;
				CLANG_WARN_CONSTANT_CONVERSION = YES;
				CLANG_WARN_DEPRECATED_OBJC_IMPLEMENTATIONS = YES;
				CLANG_WARN_DIRECT_OBJC_ISA_USAGE = YES_ERROR;
				CLANG_WARN_DOCUMENTATION_COMMENTS = YES;
				CLANG_WARN_EMPTY_BODY = YES;
				CLANG_WARN_ENUM_CONVERSION = YES;
				CLANG_WARN_INFINITE_RECURSION = YES;
				CLANG_WARN_INT_CONVERSION = YES;
				CLANG_WARN_NON_LITERAL_NULL_CONVERSION = YES;
				CLANG_WARN_OBJC_IMPLICIT_RETAIN_SELF = YES;
				CLANG_WARN_OBJC_LITERAL_CONVERSION = YES;
				CLANG_WARN_OBJC_ROOT_CLASS = YES_ERROR;
				CLANG_WARN_QUOTED_INCLUDE_IN_FRAMEWORK_HEADER = YES;
				CLANG_WARN_RANGE_LOOP_ANALYSIS = YES;
				CLANG_WARN_STRICT_PROTOTYPES = YES;
				CLANG_WARN_SUSPICIOUS_MOVE = YES;
				CLANG_WARN_UNGUARDED_AVAILABILITY = YES_AGGRESSIVE;
				CLANG_WARN_UNREACHABLE_CODE = YES;
				CLANG_WARN__DUPLICATE_METHOD_MATCH = YES;
				COPY_PHASE_STRIP = NO;
				DEBUG_INFORMATION_FORMAT = dwarf;
				ENABLE_STRICT_OBJC_MSGSEND = YES;
				ENABLE_TESTABILITY = YES;
				GCC_C_LANGUAGE_STANDARD = gnu11;
				GCC_DYNAMIC_NO_PIC = NO;
				GCC_NO_COMMON_BLOCKS = YES;
				GCC_OPTIMIZATION_LEVEL = 0;
				GCC_PREPROCESSOR_DEFINITIONS = (
					"DEBUG=1",
					"$(inherited)",
				);
				GCC_WARN_64_TO_32_BIT_CONVERSION = YES;
				GCC_WARN_ABOUT_RETURN_TYPE = YES_ERROR;
				GCC_WARN_UNDECLARED_SELECTOR = YES;
				GCC_WARN_UNINITIALIZED_AUTOS = YES_AGGRESSIVE;
				GCC_WARN_UNUSED_FUNCTION = YES;
				GCC_WARN_UNUSED_VARIABLE = YES;
				IPHONEOS_DEPLOYMENT_TARGET = 16.2;
				MTL_ENABLE_DEBUG_INFO = INCLUDE_SOURCE;
				MTL_FAST_MATH = YES;
				ONLY_ACTIVE_ARCH = YES;
				SDKROOT = iphoneos;
				SWIFT_ACTIVE_COMPILATION_CONDITIONS = DEBUG;
				SWIFT_OPTIMIZATION_LEVEL = "-Onone";
			};
			name = Debug;
		};
		5C8E8B6029A9ADD300D1F47C /* Release */ = {
			isa = XCBuildConfiguration;
			buildSettings = {
				ALWAYS_SEARCH_USER_PATHS = NO;
				CLANG_ANALYZER_NONNULL = YES;
				CLANG_ANALYZER_NUMBER_OBJECT_CONVERSION = YES_AGGRESSIVE;
				CLANG_CXX_LANGUAGE_STANDARD = "gnu++20";
				CLANG_ENABLE_MODULES = YES;
				CLANG_ENABLE_OBJC_ARC = YES;
				CLANG_ENABLE_OBJC_WEAK = YES;
				CLANG_WARN_BLOCK_CAPTURE_AUTORELEASING = YES;
				CLANG_WARN_BOOL_CONVERSION = YES;
				CLANG_WARN_COMMA = YES;
				CLANG_WARN_CONSTANT_CONVERSION = YES;
				CLANG_WARN_DEPRECATED_OBJC_IMPLEMENTATIONS = YES;
				CLANG_WARN_DIRECT_OBJC_ISA_USAGE = YES_ERROR;
				CLANG_WARN_DOCUMENTATION_COMMENTS = YES;
				CLANG_WARN_EMPTY_BODY = YES;
				CLANG_WARN_ENUM_CONVERSION = YES;
				CLANG_WARN_INFINITE_RECURSION = YES;
				CLANG_WARN_INT_CONVERSION = YES;
				CLANG_WARN_NON_LITERAL_NULL_CONVERSION = YES;
				CLANG_WARN_OBJC_IMPLICIT_RETAIN_SELF = YES;
				CLANG_WARN_OBJC_LITERAL_CONVERSION = YES;
				CLANG_WARN_OBJC_ROOT_CLASS = YES_ERROR;
				CLANG_WARN_QUOTED_INCLUDE_IN_FRAMEWORK_HEADER = YES;
				CLANG_WARN_RANGE_LOOP_ANALYSIS = YES;
				CLANG_WARN_STRICT_PROTOTYPES = YES;
				CLANG_WARN_SUSPICIOUS_MOVE = YES;
				CLANG_WARN_UNGUARDED_AVAILABILITY = YES_AGGRESSIVE;
				CLANG_WARN_UNREACHABLE_CODE = YES;
				CLANG_WARN__DUPLICATE_METHOD_MATCH = YES;
				COPY_PHASE_STRIP = NO;
				DEBUG_INFORMATION_FORMAT = "dwarf-with-dsym";
				ENABLE_NS_ASSERTIONS = NO;
				ENABLE_STRICT_OBJC_MSGSEND = YES;
				GCC_C_LANGUAGE_STANDARD = gnu11;
				GCC_NO_COMMON_BLOCKS = YES;
				GCC_WARN_64_TO_32_BIT_CONVERSION = YES;
				GCC_WARN_ABOUT_RETURN_TYPE = YES_ERROR;
				GCC_WARN_UNDECLARED_SELECTOR = YES;
				GCC_WARN_UNINITIALIZED_AUTOS = YES_AGGRESSIVE;
				GCC_WARN_UNUSED_FUNCTION = YES;
				GCC_WARN_UNUSED_VARIABLE = YES;
				IPHONEOS_DEPLOYMENT_TARGET = 16.2;
				MTL_ENABLE_DEBUG_INFO = NO;
				MTL_FAST_MATH = YES;
				SDKROOT = iphoneos;
				SWIFT_COMPILATION_MODE = wholemodule;
				SWIFT_OPTIMIZATION_LEVEL = "-O";
				VALIDATE_PRODUCT = YES;
			};
			name = Release;
		};
		5C8E8B6229A9ADD300D1F47C /* Debug */ = {
			isa = XCBuildConfiguration;
			buildSettings = {
				ASSETCATALOG_COMPILER_APPICON_NAME = AppIcon;
				ASSETCATALOG_COMPILER_GLOBAL_ACCENT_COLOR_NAME = AccentColor;
				CODE_SIGN_STYLE = Automatic;
				CURRENT_PROJECT_VERSION = 1;
				DEVELOPMENT_TEAM = 2K35UBXMNN;
				GENERATE_INFOPLIST_FILE = YES;
				INFOPLIST_FILE = RickAndMorty/Info.plist;
				INFOPLIST_KEY_UIApplicationSupportsIndirectInputEvents = YES;
				INFOPLIST_KEY_UILaunchStoryboardName = LaunchScreen;
				INFOPLIST_KEY_UISupportedInterfaceOrientations_iPad = "UIInterfaceOrientationPortrait UIInterfaceOrientationPortraitUpsideDown UIInterfaceOrientationLandscapeLeft UIInterfaceOrientationLandscapeRight";
				INFOPLIST_KEY_UISupportedInterfaceOrientations_iPhone = "UIInterfaceOrientationPortrait UIInterfaceOrientationLandscapeLeft UIInterfaceOrientationLandscapeRight";
				LD_RUNPATH_SEARCH_PATHS = (
					"$(inherited)",
					"@executable_path/Frameworks",
				);
				MARKETING_VERSION = 1.0;
				PRODUCT_BUNDLE_IDENTIFIER = com.halvesbatochi.RickAndMorty;
				PRODUCT_NAME = "$(TARGET_NAME)";
				SWIFT_EMIT_LOC_STRINGS = YES;
				SWIFT_VERSION = 5.0;
				TARGETED_DEVICE_FAMILY = "1,2";
			};
			name = Debug;
		};
		5C8E8B6329A9ADD300D1F47C /* Release */ = {
			isa = XCBuildConfiguration;
			buildSettings = {
				ASSETCATALOG_COMPILER_APPICON_NAME = AppIcon;
				ASSETCATALOG_COMPILER_GLOBAL_ACCENT_COLOR_NAME = AccentColor;
				CODE_SIGN_STYLE = Automatic;
				CURRENT_PROJECT_VERSION = 1;
				DEVELOPMENT_TEAM = 2K35UBXMNN;
				GENERATE_INFOPLIST_FILE = YES;
				INFOPLIST_FILE = RickAndMorty/Info.plist;
				INFOPLIST_KEY_UIApplicationSupportsIndirectInputEvents = YES;
				INFOPLIST_KEY_UILaunchStoryboardName = LaunchScreen;
				INFOPLIST_KEY_UISupportedInterfaceOrientations_iPad = "UIInterfaceOrientationPortrait UIInterfaceOrientationPortraitUpsideDown UIInterfaceOrientationLandscapeLeft UIInterfaceOrientationLandscapeRight";
				INFOPLIST_KEY_UISupportedInterfaceOrientations_iPhone = "UIInterfaceOrientationPortrait UIInterfaceOrientationLandscapeLeft UIInterfaceOrientationLandscapeRight";
				LD_RUNPATH_SEARCH_PATHS = (
					"$(inherited)",
					"@executable_path/Frameworks",
				);
				MARKETING_VERSION = 1.0;
				PRODUCT_BUNDLE_IDENTIFIER = com.halvesbatochi.RickAndMorty;
				PRODUCT_NAME = "$(TARGET_NAME)";
				SWIFT_EMIT_LOC_STRINGS = YES;
				SWIFT_VERSION = 5.0;
				TARGETED_DEVICE_FAMILY = "1,2";
			};
			name = Release;
		};
/* End XCBuildConfiguration section */

/* Begin XCConfigurationList section */
		5C8E8B4829A9ADD200D1F47C /* Build configuration list for PBXProject "RickAndMorty" */ = {
			isa = XCConfigurationList;
			buildConfigurations = (
				5C8E8B5F29A9ADD300D1F47C /* Debug */,
				5C8E8B6029A9ADD300D1F47C /* Release */,
			);
			defaultConfigurationIsVisible = 0;
			defaultConfigurationName = Release;
		};
		5C8E8B6129A9ADD300D1F47C /* Build configuration list for PBXNativeTarget "RickAndMorty" */ = {
			isa = XCConfigurationList;
			buildConfigurations = (
				5C8E8B6229A9ADD300D1F47C /* Debug */,
				5C8E8B6329A9ADD300D1F47C /* Release */,
			);
			defaultConfigurationIsVisible = 0;
			defaultConfigurationName = Release;
		};
/* End XCConfigurationList section */
	};
	rootObject = 5C8E8B4529A9ADD200D1F47C /* Project object */;
}
